{
  "requires": true,
  "lockfileVersion": 1,
  "dependencies": {
    "emailjs": {
      "version": "3.4.0",
      "resolved": "https://registry.npmjs.org/emailjs/-/emailjs-3.4.0.tgz",
      "integrity": "sha512-GYzxHth2mOtfjGvQQYoS7747lrGj/7qohZiY1zQe4CtzVhDuRJ/WNKlhII1tZ0YAUC6190eA7paMuB7AJj4d3w=="
    },
    "emailjs-com": {
      "version": "2.6.4",
      "resolved": "https://registry.npmjs.org/emailjs-com/-/emailjs-com-2.6.4.tgz",
      "integrity": "sha512-4G8rxq+1mbL4rGntMa9tqNJ4N9BhuCl8lFJASDHxZVXeC82ivwL6qw+Zu48cAWHpNK2/F3vScaAZk8zoTAfiAA=="
    },
    "medium-zoom": {
      "version": "1.0.6",
      "resolved": "https://registry.npmjs.org/medium-zoom/-/medium-zoom-1.0.6.tgz",
      "integrity": "sha512-UdiUWfvz9fZMg1pzf4dcuqA0W079o0mpqbTnOz5ip4VGYX96QjmbM+OgOU/0uOzAytxC0Ny4z+VcYQnhdifimg=="
    }
  }
}
